{
  "pins" : [
    {
      "identity" : "emacs-swift-module",
      "kind" : "remoteSourceControl",
      "location" : "https://github.com/SavchenkoValeriy/emacs-swift-module.git",
      "state" : {
        "revision" : "864eb4d23417e574ad2395843735b3027b0267d6",
        "version" : "1.1.0"
      }
    }
  ],
  "version" : 2
}
