{
  "pins" : [
    {
      "identity" : "emacs-swift-module",
      "kind" : "remoteSourceControl",
      "location" : "https://github.com/SavchenkoValeriy/emacs-swift-module.git",
      "state" : {
        "revision" : "c22dc027f0affa69dc98af7c7e6099c56f1769a2",
        "version" : "1.3.1"
      }
    }
  ],
  "version" : 2
}
